
Microsoft Visual Studio Solution File, Format Version 12.00
# Visual Studio Version 17
VisualStudioVersion = 17.13.35931.197
MinimumVisualStudioVersion = 10.0.40219.1
Project("{FAE04EC0-301F-11D3-BF4B-00C04F79EFBC}") = "NZWalks.API", "NZWalks.API\NZWalks.API.csproj", "{BA6C1BEA-4D28-466E-A62F-7FF6EDE7F2C9}"
EndProject
Project("{FAE04EC0-301F-11D3-BF4B-00C04F79EFBC}") = "NZWalks.UI", "NZWalks.UI\NZWalks.UI.csproj", "{EFE4A0E3-A45F-4ABD-9AEC-62304E1C7DB0}"
EndProject
Global
	GlobalSection(SolutionConfigurationPlatforms) = preSolution
		Debug|Any CPU = Debug|Any CPU
		Release|Any CPU = Release|Any CPU
	EndGlobalSection
	GlobalSection(ProjectConfigurationPlatforms) = postSolution
		{BA6C1BEA-4D28-466E-A62F-7FF6EDE7F2C9}.Debug|Any CPU.ActiveCfg = Debug|Any CPU
		{BA6C1BEA-4D28-466E-A62F-7FF6EDE7F2C9}.Debug|Any CPU.Build.0 = Debug|Any CPU
		{BA6C1BEA-4D28-466E-A62F-7FF6EDE7F2C9}.Release|Any CPU.ActiveCfg = Release|Any CPU
		{BA6C1BEA-4D28-466E-A62F-7FF6EDE7F2C9}.Release|Any CPU.Build.0 = Release|Any CPU
		{EFE4A0E3-A45F-4ABD-9AEC-62304E1C7DB0}.Debug|Any CPU.ActiveCfg = Debug|Any CPU
		{EFE4A0E3-A45F-4ABD-9AEC-62304E1C7DB0}.Debug|Any CPU.Build.0 = Debug|Any CPU
		{EFE4A0E3-A45F-4ABD-9AEC-62304E1C7DB0}.Release|Any CPU.ActiveCfg = Release|Any CPU
		{EFE4A0E3-A45F-4ABD-9AEC-62304E1C7DB0}.Release|Any CPU.Build.0 = Release|Any CPU
	EndGlobalSection
	GlobalSection(SolutionProperties) = preSolution
		HideSolutionNode = FALSE
	EndGlobalSection
	GlobalSection(ExtensibilityGlobals) = postSolution
		SolutionGuid = {F201E753-2916-4DF3-9890-15A4256C84E7}
	EndGlobalSection
EndGlobal
